
Microsoft Visual Studio Solution File, Format Version 12.00
# Visual Studio Version 16
VisualStudioVersion = 16.6.30114.105
MinimumVisualStudioVersion = 10.0.40219.1
Project("{2150E333-8FDC-42A3-9474-1A3956D46DE8}") = "src", "src", "{6EED3E94-B39F-4DCD-AE28-9EF010688CCE}"
EndProject
Project("{FAE04EC0-301F-11D3-BF4B-00C04F79EFBC}") = "Common", "src\Common\Common.csproj", "{E8F97544-4090-44F7-8272-69819CEA2FD4}"
EndProject
Project("{2150E333-8FDC-42A3-9474-1A3956D46DE8}") = "Server", "Server", "{14319B42-A2A6-4D1C-9117-A4E2155D3659}"
EndProject
Project("{FAE04EC0-301F-11D3-BF4B-00C04F79EFBC}") = "Database", "src\Server\Database\Database.csproj", "{69EE688C-6B72-4A9C-BC5D-78DC2A00C4F3}"
EndProject
Project("{FAE04EC0-301F-11D3-BF4B-00C04F79EFBC}") = "WorldServer", "src\Server\WorldServer\WorldServer.csproj", "{3008348C-029A-4B01-9AC6-4D472CB272A6}"
EndProject
Project("{FAE04EC0-301F-11D3-BF4B-00C04F79EFBC}") = "Game", "src\Server\Game\Game.csproj", "{ECFCACC4-D8C8-4C4D-839F-883D96FA3D64}"
EndProject
Project("{FAE04EC0-301F-11D3-BF4B-00C04F79EFBC}") = "Scripts", "src\Server\Scripts\Scripts.csproj", "{F3119AD1-F526-46E0-8F19-5D7B549BF0F8}"
EndProject
Project("{2150E333-8FDC-42A3-9474-1A3956D46DE8}") = "Tools", "Tools", "{FF5C1786-D3AA-43A0-ACC5-07C4E658BBEF}"
EndProject
Project("{FAE04EC0-301F-11D3-BF4B-00C04F79EFBC}") = "MapExtractor", "src\Tools\MapExtractor\MapExtractor.csproj", "{121DB8A8-9B0C-4AAF-95AA-FC25A942C034}"
EndProject
Global
	GlobalSection(SolutionConfigurationPlatforms) = preSolution
		Debug|Any CPU = Debug|Any CPU
		Debug|x64 = Debug|x64
		Debug|x86 = Debug|x86
		Release|Any CPU = Release|Any CPU
		Release|x64 = Release|x64
		Release|x86 = Release|x86
	EndGlobalSection
	GlobalSection(SolutionProperties) = preSolution
		HideSolutionNode = FALSE
	EndGlobalSection
	GlobalSection(ProjectConfigurationPlatforms) = postSolution
		{E8F97544-4090-44F7-8272-69819CEA2FD4}.Debug|Any CPU.ActiveCfg = Debug|Any CPU
		{E8F97544-4090-44F7-8272-69819CEA2FD4}.Debug|Any CPU.Build.0 = Debug|Any CPU
		{E8F97544-4090-44F7-8272-69819CEA2FD4}.Debug|x64.ActiveCfg = Debug|Any CPU
		{E8F97544-4090-44F7-8272-69819CEA2FD4}.Debug|x64.Build.0 = Debug|Any CPU
		{E8F97544-4090-44F7-8272-69819CEA2FD4}.Debug|x86.ActiveCfg = Debug|Any CPU
		{E8F97544-4090-44F7-8272-69819CEA2FD4}.Debug|x86.Build.0 = Debug|Any CPU
		{E8F97544-4090-44F7-8272-69819CEA2FD4}.Release|Any CPU.ActiveCfg = Release|Any CPU
		{E8F97544-4090-44F7-8272-69819CEA2FD4}.Release|Any CPU.Build.0 = Release|Any CPU
		{E8F97544-4090-44F7-8272-69819CEA2FD4}.Release|x64.ActiveCfg = Release|Any CPU
		{E8F97544-4090-44F7-8272-69819CEA2FD4}.Release|x64.Build.0 = Release|Any CPU
		{E8F97544-4090-44F7-8272-69819CEA2FD4}.Release|x86.ActiveCfg = Release|Any CPU
		{E8F97544-4090-44F7-8272-69819CEA2FD4}.Release|x86.Build.0 = Release|Any CPU
		{69EE688C-6B72-4A9C-BC5D-78DC2A00C4F3}.Debug|Any CPU.ActiveCfg = Debug|Any CPU
		{69EE688C-6B72-4A9C-BC5D-78DC2A00C4F3}.Debug|Any CPU.Build.0 = Debug|Any CPU
		{69EE688C-6B72-4A9C-BC5D-78DC2A00C4F3}.Debug|x64.ActiveCfg = Debug|Any CPU
		{69EE688C-6B72-4A9C-BC5D-78DC2A00C4F3}.Debug|x64.Build.0 = Debug|Any CPU
		{69EE688C-6B72-4A9C-BC5D-78DC2A00C4F3}.Debug|x86.ActiveCfg = Debug|Any CPU
		{69EE688C-6B72-4A9C-BC5D-78DC2A00C4F3}.Debug|x86.Build.0 = Debug|Any CPU
		{69EE688C-6B72-4A9C-BC5D-78DC2A00C4F3}.Release|Any CPU.ActiveCfg = Release|Any CPU
		{69EE688C-6B72-4A9C-BC5D-78DC2A00C4F3}.Release|Any CPU.Build.0 = Release|Any CPU
		{69EE688C-6B72-4A9C-BC5D-78DC2A00C4F3}.Release|x64.ActiveCfg = Release|Any CPU
		{69EE688C-6B72-4A9C-BC5D-78DC2A00C4F3}.Release|x64.Build.0 = Release|Any CPU
		{69EE688C-6B72-4A9C-BC5D-78DC2A00C4F3}.Release|x86.ActiveCfg = Release|Any CPU
		{69EE688C-6B72-4A9C-BC5D-78DC2A00C4F3}.Release|x86.Build.0 = Release|Any CPU
		{3008348C-029A-4B01-9AC6-4D472CB272A6}.Debug|Any CPU.ActiveCfg = Debug|Any CPU
		{3008348C-029A-4B01-9AC6-4D472CB272A6}.Debug|Any CPU.Build.0 = Debug|Any CPU
		{3008348C-029A-4B01-9AC6-4D472CB272A6}.Debug|x64.ActiveCfg = Debug|Any CPU
		{3008348C-029A-4B01-9AC6-4D472CB272A6}.Debug|x64.Build.0 = Debug|Any CPU
		{3008348C-029A-4B01-9AC6-4D472CB272A6}.Debug|x86.ActiveCfg = Debug|Any CPU
		{3008348C-029A-4B01-9AC6-4D472CB272A6}.Debug|x86.Build.0 = Debug|Any CPU
		{3008348C-029A-4B01-9AC6-4D472CB272A6}.Release|Any CPU.ActiveCfg = Release|Any CPU
		{3008348C-029A-4B01-9AC6-4D472CB272A6}.Release|Any CPU.Build.0 = Release|Any CPU
		{3008348C-029A-4B01-9AC6-4D472CB272A6}.Release|x64.ActiveCfg = Release|Any CPU
		{3008348C-029A-4B01-9AC6-4D472CB272A6}.Release|x64.Build.0 = Release|Any CPU
		{3008348C-029A-4B01-9AC6-4D472CB272A6}.Release|x86.ActiveCfg = Release|Any CPU
		{3008348C-029A-4B01-9AC6-4D472CB272A6}.Release|x86.Build.0 = Release|Any CPU
		{ECFCACC4-D8C8-4C4D-839F-883D96FA3D64}.Debug|Any CPU.ActiveCfg = Debug|Any CPU
		{ECFCACC4-D8C8-4C4D-839F-883D96FA3D64}.Debug|Any CPU.Build.0 = Debug|Any CPU
		{ECFCACC4-D8C8-4C4D-839F-883D96FA3D64}.Debug|x64.ActiveCfg = Debug|Any CPU
		{ECFCACC4-D8C8-4C4D-839F-883D96FA3D64}.Debug|x64.Build.0 = Debug|Any CPU
		{ECFCACC4-D8C8-4C4D-839F-883D96FA3D64}.Debug|x86.ActiveCfg = Debug|Any CPU
		{ECFCACC4-D8C8-4C4D-839F-883D96FA3D64}.Debug|x86.Build.0 = Debug|Any CPU
		{ECFCACC4-D8C8-4C4D-839F-883D96FA3D64}.Release|Any CPU.ActiveCfg = Release|Any CPU
		{ECFCACC4-D8C8-4C4D-839F-883D96FA3D64}.Release|Any CPU.Build.0 = Release|Any CPU
		{ECFCACC4-D8C8-4C4D-839F-883D96FA3D64}.Release|x64.ActiveCfg = Release|Any CPU
		{ECFCACC4-D8C8-4C4D-839F-883D96FA3D64}.Release|x64.Build.0 = Release|Any CPU
		{ECFCACC4-D8C8-4C4D-839F-883D96FA3D64}.Release|x86.ActiveCfg = Release|Any CPU
		{ECFCACC4-D8C8-4C4D-839F-883D96FA3D64}.Release|x86.Build.0 = Release|Any CPU
		{F3119AD1-F526-46E0-8F19-5D7B549BF0F8}.Debug|Any CPU.ActiveCfg = Debug|Any CPU
		{F3119AD1-F526-46E0-8F19-5D7B549BF0F8}.Debug|Any CPU.Build.0 = Debug|Any CPU
		{F3119AD1-F526-46E0-8F19-5D7B549BF0F8}.Debug|x64.ActiveCfg = Debug|Any CPU
		{F3119AD1-F526-46E0-8F19-5D7B549BF0F8}.Debug|x64.Build.0 = Debug|Any CPU
		{F3119AD1-F526-46E0-8F19-5D7B549BF0F8}.Debug|x86.ActiveCfg = Debug|Any CPU
		{F3119AD1-F526-46E0-8F19-5D7B549BF0F8}.Debug|x86.Build.0 = Debug|Any CPU
		{F3119AD1-F526-46E0-8F19-5D7B549BF0F8}.Release|Any CPU.ActiveCfg = Release|Any CPU
		{F3119AD1-F526-46E0-8F19-5D7B549BF0F8}.Release|Any CPU.Build.0 = Release|Any CPU
		{F3119AD1-F526-46E0-8F19-5D7B549BF0F8}.Release|x64.ActiveCfg = Release|Any CPU
		{F3119AD1-F526-46E0-8F19-5D7B549BF0F8}.Release|x64.Build.0 = Release|Any CPU
		{F3119AD1-F526-46E0-8F19-5D7B549BF0F8}.Release|x86.ActiveCfg = Release|Any CPU
		{F3119AD1-F526-46E0-8F19-5D7B549BF0F8}.Release|x86.Build.0 = Release|Any CPU
		{121DB8A8-9B0C-4AAF-95AA-FC25A942C034}.Debug|Any CPU.ActiveCfg = Debug|Any CPU
		{121DB8A8-9B0C-4AAF-95AA-FC25A942C034}.Debug|Any CPU.Build.0 = Debug|Any CPU
		{121DB8A8-9B0C-4AAF-95AA-FC25A942C034}.Debug|x64.ActiveCfg = Debug|Any CPU
		{121DB8A8-9B0C-4AAF-95AA-FC25A942C034}.Debug|x64.Build.0 = Debug|Any CPU
		{121DB8A8-9B0C-4AAF-95AA-FC25A942C034}.Debug|x86.ActiveCfg = Debug|Any CPU
		{121DB8A8-9B0C-4AAF-95AA-FC25A942C034}.Debug|x86.Build.0 = Debug|Any CPU
		{121DB8A8-9B0C-4AAF-95AA-FC25A942C034}.Release|Any CPU.ActiveCfg = Release|Any CPU
		{121DB8A8-9B0C-4AAF-95AA-FC25A942C034}.Release|Any CPU.Build.0 = Release|Any CPU
		{121DB8A8-9B0C-4AAF-95AA-FC25A942C034}.Release|x64.ActiveCfg = Release|Any CPU
		{121DB8A8-9B0C-4AAF-95AA-FC25A942C034}.Release|x64.Build.0 = Release|Any CPU
		{121DB8A8-9B0C-4AAF-95AA-FC25A942C034}.Release|x86.ActiveCfg = Release|Any CPU
		{121DB8A8-9B0C-4AAF-95AA-FC25A942C034}.Release|x86.Build.0 = Release|Any CPU
	EndGlobalSection
	GlobalSection(NestedProjects) = preSolution
		{E8F97544-4090-44F7-8272-69819CEA2FD4} = {6EED3E94-B39F-4DCD-AE28-9EF010688CCE}
		{14319B42-A2A6-4D1C-9117-A4E2155D3659} = {6EED3E94-B39F-4DCD-AE28-9EF010688CCE}
		{69EE688C-6B72-4A9C-BC5D-78DC2A00C4F3} = {14319B42-A2A6-4D1C-9117-A4E2155D3659}
		{3008348C-029A-4B01-9AC6-4D472CB272A6} = {14319B42-A2A6-4D1C-9117-A4E2155D3659}
		{ECFCACC4-D8C8-4C4D-839F-883D96FA3D64} = {14319B42-A2A6-4D1C-9117-A4E2155D3659}
		{F3119AD1-F526-46E0-8F19-5D7B549BF0F8} = {14319B42-A2A6-4D1C-9117-A4E2155D3659}
		{FF5C1786-D3AA-43A0-ACC5-07C4E658BBEF} = {6EED3E94-B39F-4DCD-AE28-9EF010688CCE}
		{121DB8A8-9B0C-4AAF-95AA-FC25A942C034} = {FF5C1786-D3AA-43A0-ACC5-07C4E658BBEF}
	EndGlobalSection
EndGlobal
