
Microsoft Visual Studio Solution File, Format Version 12.00
# Visual Studio Version 16
VisualStudioVersion = 16.6.30114.105
MinimumVisualStudioVersion = 10.0.40219.1
Project("{2150E333-8FDC-42A3-9474-1A3956D46DE8}") = "Server", "Server", "{6F006A3D-5D79-4969-983B-1E2A02E01C8B}"
EndProject
Project("{2150E333-8FDC-42A3-9474-1A3956D46DE8}") = "Tools", "Tools", "{73D8447F-0849-4970-AA0D-476FB8513A32}"
EndProject
Project("{FAE04EC0-301F-11D3-BF4B-00C04F79EFBC}") = "MapExtractor", "src\Tools\MapExtractor\MapExtractor.csproj", "{B1AB1094-BABE-4840-9734-A8CE6847F202}"
EndProject
Project("{FAE04EC0-301F-11D3-BF4B-00C04F79EFBC}") = "Common", "src\Common\Common.csproj", "{9F4117C1-B959-4DAE-9D62-B1B188EB4C36}"
EndProject
Project("{FAE04EC0-301F-11D3-BF4B-00C04F79EFBC}") = "Database", "src\Server\Database\Database.csproj", "{1572E532-1668-42DE-85D8-EE15573433FE}"
EndProject
Project("{FAE04EC0-301F-11D3-BF4B-00C04F79EFBC}") = "Game", "src\Server\Game\Game.csproj", "{16E4EB7B-9005-4937-9624-DB6CBF38E760}"
EndProject
Project("{FAE04EC0-301F-11D3-BF4B-00C04F79EFBC}") = "Scripts", "src\Server\Scripts\Scripts.csproj", "{A61DA588-2747-4178-8E2E-0708799F80DD}"
EndProject
Project("{FAE04EC0-301F-11D3-BF4B-00C04F79EFBC}") = "AuthServer", "src\Server\AuthServer\AuthServer.csproj", "{C45902FA-84C9-4E97-8742-154EF3D52A9C}"
EndProject
Project("{FAE04EC0-301F-11D3-BF4B-00C04F79EFBC}") = "WorldServer", "src\Server\WorldServer\WorldServer.csproj", "{4367F8D4-4403-422D-B14E-700874691636}"
EndProject
Project("{FAE04EC0-301F-11D3-BF4B-00C04F79EFBC}") = "Shared", "src\Server\Shared\Shared.csproj", "{02488FF6-1645-4BAC-BF12-A499F4779B2F}"
EndProject
Project("{FAE04EC0-301F-11D3-BF4B-00C04F79EFBC}") = "VMapExtractor", "src\Tools\VMapExtractor\VMapExtractor.csproj", "{5188EC84-7904-4FC8-A474-03494543EC77}"
EndProject
Project("{2150E333-8FDC-42A3-9474-1A3956D46DE8}") = "Tests", "Tests", "{3DBFE21A-67B2-4C21-BFB7-ED6378467955}"
EndProject
Project("{FAE04EC0-301F-11D3-BF4B-00C04F79EFBC}") = "Common.Tests", "tests\Common.Tests\Common.Tests.csproj", "{B1D25340-EA09-432C-BF04-F66F498C2677}"
EndProject
Project("{FAE04EC0-301F-11D3-BF4B-00C04F79EFBC}") = "Server.Shared.Tests", "tests\Server.Shared.Tests\Server.Shared.Tests.csproj", "{38FA5670-50C3-4CB8-A8CF-4B5F6104E7E6}"
EndProject
Global
	GlobalSection(SolutionConfigurationPlatforms) = preSolution
		Debug|Any CPU = Debug|Any CPU
		Debug|x64 = Debug|x64
		Debug|x86 = Debug|x86
		Release|Any CPU = Release|Any CPU
		Release|x64 = Release|x64
		Release|x86 = Release|x86
	EndGlobalSection
	GlobalSection(SolutionProperties) = preSolution
		HideSolutionNode = FALSE
	EndGlobalSection
	GlobalSection(ProjectConfigurationPlatforms) = postSolution
		{B1AB1094-BABE-4840-9734-A8CE6847F202}.Debug|Any CPU.ActiveCfg = Debug|Any CPU
		{B1AB1094-BABE-4840-9734-A8CE6847F202}.Debug|Any CPU.Build.0 = Debug|Any CPU
		{B1AB1094-BABE-4840-9734-A8CE6847F202}.Debug|x64.ActiveCfg = Debug|Any CPU
		{B1AB1094-BABE-4840-9734-A8CE6847F202}.Debug|x64.Build.0 = Debug|Any CPU
		{B1AB1094-BABE-4840-9734-A8CE6847F202}.Debug|x86.ActiveCfg = Debug|Any CPU
		{B1AB1094-BABE-4840-9734-A8CE6847F202}.Debug|x86.Build.0 = Debug|Any CPU
		{B1AB1094-BABE-4840-9734-A8CE6847F202}.Release|Any CPU.ActiveCfg = Release|Any CPU
		{B1AB1094-BABE-4840-9734-A8CE6847F202}.Release|Any CPU.Build.0 = Release|Any CPU
		{B1AB1094-BABE-4840-9734-A8CE6847F202}.Release|x64.ActiveCfg = Release|Any CPU
		{B1AB1094-BABE-4840-9734-A8CE6847F202}.Release|x64.Build.0 = Release|Any CPU
		{B1AB1094-BABE-4840-9734-A8CE6847F202}.Release|x86.ActiveCfg = Release|Any CPU
		{B1AB1094-BABE-4840-9734-A8CE6847F202}.Release|x86.Build.0 = Release|Any CPU
		{9F4117C1-B959-4DAE-9D62-B1B188EB4C36}.Debug|Any CPU.ActiveCfg = Debug|Any CPU
		{9F4117C1-B959-4DAE-9D62-B1B188EB4C36}.Debug|Any CPU.Build.0 = Debug|Any CPU
		{9F4117C1-B959-4DAE-9D62-B1B188EB4C36}.Debug|x64.ActiveCfg = Debug|Any CPU
		{9F4117C1-B959-4DAE-9D62-B1B188EB4C36}.Debug|x64.Build.0 = Debug|Any CPU
		{9F4117C1-B959-4DAE-9D62-B1B188EB4C36}.Debug|x86.ActiveCfg = Debug|Any CPU
		{9F4117C1-B959-4DAE-9D62-B1B188EB4C36}.Debug|x86.Build.0 = Debug|Any CPU
		{9F4117C1-B959-4DAE-9D62-B1B188EB4C36}.Release|Any CPU.ActiveCfg = Release|Any CPU
		{9F4117C1-B959-4DAE-9D62-B1B188EB4C36}.Release|Any CPU.Build.0 = Release|Any CPU
		{9F4117C1-B959-4DAE-9D62-B1B188EB4C36}.Release|x64.ActiveCfg = Release|Any CPU
		{9F4117C1-B959-4DAE-9D62-B1B188EB4C36}.Release|x64.Build.0 = Release|Any CPU
		{9F4117C1-B959-4DAE-9D62-B1B188EB4C36}.Release|x86.ActiveCfg = Release|Any CPU
		{9F4117C1-B959-4DAE-9D62-B1B188EB4C36}.Release|x86.Build.0 = Release|Any CPU
		{1572E532-1668-42DE-85D8-EE15573433FE}.Debug|Any CPU.ActiveCfg = Debug|Any CPU
		{1572E532-1668-42DE-85D8-EE15573433FE}.Debug|Any CPU.Build.0 = Debug|Any CPU
		{1572E532-1668-42DE-85D8-EE15573433FE}.Debug|x64.ActiveCfg = Debug|Any CPU
		{1572E532-1668-42DE-85D8-EE15573433FE}.Debug|x64.Build.0 = Debug|Any CPU
		{1572E532-1668-42DE-85D8-EE15573433FE}.Debug|x86.ActiveCfg = Debug|Any CPU
		{1572E532-1668-42DE-85D8-EE15573433FE}.Debug|x86.Build.0 = Debug|Any CPU
		{1572E532-1668-42DE-85D8-EE15573433FE}.Release|Any CPU.ActiveCfg = Release|Any CPU
		{1572E532-1668-42DE-85D8-EE15573433FE}.Release|Any CPU.Build.0 = Release|Any CPU
		{1572E532-1668-42DE-85D8-EE15573433FE}.Release|x64.ActiveCfg = Release|Any CPU
		{1572E532-1668-42DE-85D8-EE15573433FE}.Release|x64.Build.0 = Release|Any CPU
		{1572E532-1668-42DE-85D8-EE15573433FE}.Release|x86.ActiveCfg = Release|Any CPU
		{1572E532-1668-42DE-85D8-EE15573433FE}.Release|x86.Build.0 = Release|Any CPU
		{16E4EB7B-9005-4937-9624-DB6CBF38E760}.Debug|Any CPU.ActiveCfg = Debug|Any CPU
		{16E4EB7B-9005-4937-9624-DB6CBF38E760}.Debug|Any CPU.Build.0 = Debug|Any CPU
		{16E4EB7B-9005-4937-9624-DB6CBF38E760}.Debug|x64.ActiveCfg = Debug|Any CPU
		{16E4EB7B-9005-4937-9624-DB6CBF38E760}.Debug|x64.Build.0 = Debug|Any CPU
		{16E4EB7B-9005-4937-9624-DB6CBF38E760}.Debug|x86.ActiveCfg = Debug|Any CPU
		{16E4EB7B-9005-4937-9624-DB6CBF38E760}.Debug|x86.Build.0 = Debug|Any CPU
		{16E4EB7B-9005-4937-9624-DB6CBF38E760}.Release|Any CPU.ActiveCfg = Release|Any CPU
		{16E4EB7B-9005-4937-9624-DB6CBF38E760}.Release|Any CPU.Build.0 = Release|Any CPU
		{16E4EB7B-9005-4937-9624-DB6CBF38E760}.Release|x64.ActiveCfg = Release|Any CPU
		{16E4EB7B-9005-4937-9624-DB6CBF38E760}.Release|x64.Build.0 = Release|Any CPU
		{16E4EB7B-9005-4937-9624-DB6CBF38E760}.Release|x86.ActiveCfg = Release|Any CPU
		{16E4EB7B-9005-4937-9624-DB6CBF38E760}.Release|x86.Build.0 = Release|Any CPU
		{A61DA588-2747-4178-8E2E-0708799F80DD}.Debug|Any CPU.ActiveCfg = Debug|Any CPU
		{A61DA588-2747-4178-8E2E-0708799F80DD}.Debug|Any CPU.Build.0 = Debug|Any CPU
		{A61DA588-2747-4178-8E2E-0708799F80DD}.Debug|x64.ActiveCfg = Debug|Any CPU
		{A61DA588-2747-4178-8E2E-0708799F80DD}.Debug|x64.Build.0 = Debug|Any CPU
		{A61DA588-2747-4178-8E2E-0708799F80DD}.Debug|x86.ActiveCfg = Debug|Any CPU
		{A61DA588-2747-4178-8E2E-0708799F80DD}.Debug|x86.Build.0 = Debug|Any CPU
		{A61DA588-2747-4178-8E2E-0708799F80DD}.Release|Any CPU.ActiveCfg = Release|Any CPU
		{A61DA588-2747-4178-8E2E-0708799F80DD}.Release|Any CPU.Build.0 = Release|Any CPU
		{A61DA588-2747-4178-8E2E-0708799F80DD}.Release|x64.ActiveCfg = Release|Any CPU
		{A61DA588-2747-4178-8E2E-0708799F80DD}.Release|x64.Build.0 = Release|Any CPU
		{A61DA588-2747-4178-8E2E-0708799F80DD}.Release|x86.ActiveCfg = Release|Any CPU
		{A61DA588-2747-4178-8E2E-0708799F80DD}.Release|x86.Build.0 = Release|Any CPU
		{C45902FA-84C9-4E97-8742-154EF3D52A9C}.Debug|Any CPU.ActiveCfg = Debug|Any CPU
		{C45902FA-84C9-4E97-8742-154EF3D52A9C}.Debug|Any CPU.Build.0 = Debug|Any CPU
		{C45902FA-84C9-4E97-8742-154EF3D52A9C}.Debug|x64.ActiveCfg = Debug|Any CPU
		{C45902FA-84C9-4E97-8742-154EF3D52A9C}.Debug|x64.Build.0 = Debug|Any CPU
		{C45902FA-84C9-4E97-8742-154EF3D52A9C}.Debug|x86.ActiveCfg = Debug|Any CPU
		{C45902FA-84C9-4E97-8742-154EF3D52A9C}.Debug|x86.Build.0 = Debug|Any CPU
		{C45902FA-84C9-4E97-8742-154EF3D52A9C}.Release|Any CPU.ActiveCfg = Release|Any CPU
		{C45902FA-84C9-4E97-8742-154EF3D52A9C}.Release|Any CPU.Build.0 = Release|Any CPU
		{C45902FA-84C9-4E97-8742-154EF3D52A9C}.Release|x64.ActiveCfg = Release|Any CPU
		{C45902FA-84C9-4E97-8742-154EF3D52A9C}.Release|x64.Build.0 = Release|Any CPU
		{C45902FA-84C9-4E97-8742-154EF3D52A9C}.Release|x86.ActiveCfg = Release|Any CPU
		{C45902FA-84C9-4E97-8742-154EF3D52A9C}.Release|x86.Build.0 = Release|Any CPU
		{4367F8D4-4403-422D-B14E-700874691636}.Debug|Any CPU.ActiveCfg = Debug|Any CPU
		{4367F8D4-4403-422D-B14E-700874691636}.Debug|Any CPU.Build.0 = Debug|Any CPU
		{4367F8D4-4403-422D-B14E-700874691636}.Debug|x64.ActiveCfg = Debug|Any CPU
		{4367F8D4-4403-422D-B14E-700874691636}.Debug|x64.Build.0 = Debug|Any CPU
		{4367F8D4-4403-422D-B14E-700874691636}.Debug|x86.ActiveCfg = Debug|Any CPU
		{4367F8D4-4403-422D-B14E-700874691636}.Debug|x86.Build.0 = Debug|Any CPU
		{4367F8D4-4403-422D-B14E-700874691636}.Release|Any CPU.ActiveCfg = Release|Any CPU
		{4367F8D4-4403-422D-B14E-700874691636}.Release|Any CPU.Build.0 = Release|Any CPU
		{4367F8D4-4403-422D-B14E-700874691636}.Release|x64.ActiveCfg = Release|Any CPU
		{4367F8D4-4403-422D-B14E-700874691636}.Release|x64.Build.0 = Release|Any CPU
		{4367F8D4-4403-422D-B14E-700874691636}.Release|x86.ActiveCfg = Release|Any CPU
		{4367F8D4-4403-422D-B14E-700874691636}.Release|x86.Build.0 = Release|Any CPU
		{02488FF6-1645-4BAC-BF12-A499F4779B2F}.Debug|Any CPU.ActiveCfg = Debug|Any CPU
		{02488FF6-1645-4BAC-BF12-A499F4779B2F}.Debug|Any CPU.Build.0 = Debug|Any CPU
		{02488FF6-1645-4BAC-BF12-A499F4779B2F}.Debug|x64.ActiveCfg = Debug|Any CPU
		{02488FF6-1645-4BAC-BF12-A499F4779B2F}.Debug|x64.Build.0 = Debug|Any CPU
		{02488FF6-1645-4BAC-BF12-A499F4779B2F}.Debug|x86.ActiveCfg = Debug|Any CPU
		{02488FF6-1645-4BAC-BF12-A499F4779B2F}.Debug|x86.Build.0 = Debug|Any CPU
		{02488FF6-1645-4BAC-BF12-A499F4779B2F}.Release|Any CPU.ActiveCfg = Release|Any CPU
		{02488FF6-1645-4BAC-BF12-A499F4779B2F}.Release|Any CPU.Build.0 = Release|Any CPU
		{02488FF6-1645-4BAC-BF12-A499F4779B2F}.Release|x64.ActiveCfg = Release|Any CPU
		{02488FF6-1645-4BAC-BF12-A499F4779B2F}.Release|x64.Build.0 = Release|Any CPU
		{02488FF6-1645-4BAC-BF12-A499F4779B2F}.Release|x86.ActiveCfg = Release|Any CPU
		{02488FF6-1645-4BAC-BF12-A499F4779B2F}.Release|x86.Build.0 = Release|Any CPU
		{5188EC84-7904-4FC8-A474-03494543EC77}.Debug|Any CPU.ActiveCfg = Debug|Any CPU
		{5188EC84-7904-4FC8-A474-03494543EC77}.Debug|Any CPU.Build.0 = Debug|Any CPU
		{5188EC84-7904-4FC8-A474-03494543EC77}.Debug|x64.ActiveCfg = Debug|Any CPU
		{5188EC84-7904-4FC8-A474-03494543EC77}.Debug|x64.Build.0 = Debug|Any CPU
		{5188EC84-7904-4FC8-A474-03494543EC77}.Debug|x86.ActiveCfg = Debug|Any CPU
		{5188EC84-7904-4FC8-A474-03494543EC77}.Debug|x86.Build.0 = Debug|Any CPU
		{5188EC84-7904-4FC8-A474-03494543EC77}.Release|Any CPU.ActiveCfg = Release|Any CPU
		{5188EC84-7904-4FC8-A474-03494543EC77}.Release|Any CPU.Build.0 = Release|Any CPU
		{5188EC84-7904-4FC8-A474-03494543EC77}.Release|x64.ActiveCfg = Release|Any CPU
		{5188EC84-7904-4FC8-A474-03494543EC77}.Release|x64.Build.0 = Release|Any CPU
		{5188EC84-7904-4FC8-A474-03494543EC77}.Release|x86.ActiveCfg = Release|Any CPU
		{5188EC84-7904-4FC8-A474-03494543EC77}.Release|x86.Build.0 = Release|Any CPU
		{B1D25340-EA09-432C-BF04-F66F498C2677}.Debug|Any CPU.ActiveCfg = Debug|Any CPU
		{B1D25340-EA09-432C-BF04-F66F498C2677}.Debug|Any CPU.Build.0 = Debug|Any CPU
		{B1D25340-EA09-432C-BF04-F66F498C2677}.Debug|x64.ActiveCfg = Debug|Any CPU
		{B1D25340-EA09-432C-BF04-F66F498C2677}.Debug|x64.Build.0 = Debug|Any CPU
		{B1D25340-EA09-432C-BF04-F66F498C2677}.Debug|x86.ActiveCfg = Debug|Any CPU
		{B1D25340-EA09-432C-BF04-F66F498C2677}.Debug|x86.Build.0 = Debug|Any CPU
		{B1D25340-EA09-432C-BF04-F66F498C2677}.Release|Any CPU.ActiveCfg = Release|Any CPU
		{B1D25340-EA09-432C-BF04-F66F498C2677}.Release|Any CPU.Build.0 = Release|Any CPU
		{B1D25340-EA09-432C-BF04-F66F498C2677}.Release|x64.ActiveCfg = Release|Any CPU
		{B1D25340-EA09-432C-BF04-F66F498C2677}.Release|x64.Build.0 = Release|Any CPU
		{B1D25340-EA09-432C-BF04-F66F498C2677}.Release|x86.ActiveCfg = Release|Any CPU
		{B1D25340-EA09-432C-BF04-F66F498C2677}.Release|x86.Build.0 = Release|Any CPU
		{38FA5670-50C3-4CB8-A8CF-4B5F6104E7E6}.Debug|Any CPU.ActiveCfg = Debug|Any CPU
		{38FA5670-50C3-4CB8-A8CF-4B5F6104E7E6}.Debug|Any CPU.Build.0 = Debug|Any CPU
		{38FA5670-50C3-4CB8-A8CF-4B5F6104E7E6}.Debug|x64.ActiveCfg = Debug|Any CPU
		{38FA5670-50C3-4CB8-A8CF-4B5F6104E7E6}.Debug|x64.Build.0 = Debug|Any CPU
		{38FA5670-50C3-4CB8-A8CF-4B5F6104E7E6}.Debug|x86.ActiveCfg = Debug|Any CPU
		{38FA5670-50C3-4CB8-A8CF-4B5F6104E7E6}.Debug|x86.Build.0 = Debug|Any CPU
		{38FA5670-50C3-4CB8-A8CF-4B5F6104E7E6}.Release|Any CPU.ActiveCfg = Release|Any CPU
		{38FA5670-50C3-4CB8-A8CF-4B5F6104E7E6}.Release|Any CPU.Build.0 = Release|Any CPU
		{38FA5670-50C3-4CB8-A8CF-4B5F6104E7E6}.Release|x64.ActiveCfg = Release|Any CPU
		{38FA5670-50C3-4CB8-A8CF-4B5F6104E7E6}.Release|x64.Build.0 = Release|Any CPU
		{38FA5670-50C3-4CB8-A8CF-4B5F6104E7E6}.Release|x86.ActiveCfg = Release|Any CPU
		{38FA5670-50C3-4CB8-A8CF-4B5F6104E7E6}.Release|x86.Build.0 = Release|Any CPU
	EndGlobalSection
	GlobalSection(NestedProjects) = preSolution
		{B1AB1094-BABE-4840-9734-A8CE6847F202} = {73D8447F-0849-4970-AA0D-476FB8513A32}
		{1572E532-1668-42DE-85D8-EE15573433FE} = {6F006A3D-5D79-4969-983B-1E2A02E01C8B}
		{16E4EB7B-9005-4937-9624-DB6CBF38E760} = {6F006A3D-5D79-4969-983B-1E2A02E01C8B}
		{A61DA588-2747-4178-8E2E-0708799F80DD} = {6F006A3D-5D79-4969-983B-1E2A02E01C8B}
		{C45902FA-84C9-4E97-8742-154EF3D52A9C} = {6F006A3D-5D79-4969-983B-1E2A02E01C8B}
		{4367F8D4-4403-422D-B14E-700874691636} = {6F006A3D-5D79-4969-983B-1E2A02E01C8B}
		{02488FF6-1645-4BAC-BF12-A499F4779B2F} = {6F006A3D-5D79-4969-983B-1E2A02E01C8B}
		{5188EC84-7904-4FC8-A474-03494543EC77} = {73D8447F-0849-4970-AA0D-476FB8513A32}
		{B1D25340-EA09-432C-BF04-F66F498C2677} = {3DBFE21A-67B2-4C21-BFB7-ED6378467955}
		{38FA5670-50C3-4CB8-A8CF-4B5F6104E7E6} = {3DBFE21A-67B2-4C21-BFB7-ED6378467955}
	EndGlobalSection
EndGlobal
